
Microsoft Visual Studio Solution File, Format Version 12.00
# Visual Studio 15
VisualStudioVersion = 15.0.28307.572
MinimumVisualStudioVersion = 10.0.40219.1
Project("{FAE04EC0-301F-11D3-BF4B-00C04F79EFBC}") = "OdetoFood", "OdetoFood\OdetoFood.csproj", "{51BA7A54-39DC-4FDF-80BD-C54B5F0D8D4E}"
EndProject
Project("{FAE04EC0-301F-11D3-BF4B-00C04F79EFBC}") = "OdetoFood.Tests", "OdetoFood.Tests\OdetoFood.Tests.csproj", "{34A7B177-BBA0-49D7-8CF8-EB6838AFE5F4}"
EndProject
Global
	GlobalSection(SolutionConfigurationPlatforms) = preSolution
		Debug|Any CPU = Debug|Any CPU
		Release|Any CPU = Release|Any CPU
	EndGlobalSection
	GlobalSection(ProjectConfigurationPlatforms) = postSolution
		{51BA7A54-39DC-4FDF-80BD-C54B5F0D8D4E}.Debug|Any CPU.ActiveCfg = Debug|Any CPU
		{51BA7A54-39DC-4FDF-80BD-C54B5F0D8D4E}.Debug|Any CPU.Build.0 = Debug|Any CPU
		{51BA7A54-39DC-4FDF-80BD-C54B5F0D8D4E}.Release|Any CPU.ActiveCfg = Release|Any CPU
		{51BA7A54-39DC-4FDF-80BD-C54B5F0D8D4E}.Release|Any CPU.Build.0 = Release|Any CPU
		{34A7B177-BBA0-49D7-8CF8-EB6838AFE5F4}.Debug|Any CPU.ActiveCfg = Debug|Any CPU
		{34A7B177-BBA0-49D7-8CF8-EB6838AFE5F4}.Debug|Any CPU.Build.0 = Debug|Any CPU
		{34A7B177-BBA0-49D7-8CF8-EB6838AFE5F4}.Release|Any CPU.ActiveCfg = Release|Any CPU
		{34A7B177-BBA0-49D7-8CF8-EB6838AFE5F4}.Release|Any CPU.Build.0 = Release|Any CPU
	EndGlobalSection
	GlobalSection(SolutionProperties) = preSolution
		HideSolutionNode = FALSE
	EndGlobalSection
	GlobalSection(ExtensibilityGlobals) = postSolution
		SolutionGuid = {1DBC2272-BD3E-41EB-AF24-442CA26A1979}
	EndGlobalSection
EndGlobal
